dependencies:
- name: cert-manager
  repository: https://charts.jetstack.io
  version: v1.13.1
- name: zipkin
  repository: https://openzipkin.github.io/zipkin
  version: 0.7.0
digest: sha256:2e549613fe98cc451f4541e25da207b36a5043e6ca6d597b97487fa945f217e4
generated: "2026-08-27T16:42:54.9476508+05:30"
